PODS:
  - BlocksKit (2.2.5):
    - BlocksKit/All (= 2.2.5)
  - BlocksKit/All (2.2.5):
    - BlocksKit/Core
    - BlocksKit/DynamicDelegate
    - BlocksKit/MessageUI
    - BlocksKit/UIKit
  - BlocksKit/Core (2.2.5)
  - BlocksKit/DynamicDelegate (2.2.5)
  - BlocksKit/MessageUI (2.2.5):
    - BlocksKit/Core
    - BlocksKit/DynamicDelegate
  - BlocksKit/UIKit (2.2.5):
    - BlocksKit/Core
    - BlocksKit/DynamicDelegate
  - Color-Picker-for-iOS (2.0.2)
  - FLAnimatedImage (1.0.8)
  - KLCPopup (1.0)
  - ReactiveCocoa (2.5):
    - ReactiveCocoa/UI (= 2.5)
  - ReactiveCocoa/Core (2.5):
    - ReactiveCocoa/no-arc
  - ReactiveCocoa/no-arc (2.5)
  - ReactiveCocoa/UI (2.5):
    - ReactiveCocoa/Core
  - Realm (0.93.2):
    - Realm/Headers (= 0.93.2)
  - Realm/Headers (0.93.2)

DEPENDENCIES:
  - BlocksKit (~> 2.2)
  - Color-Picker-for-iOS (~> 2.0)
  - FLAnimatedImage (~> 1.0)
  - KLCPopup (~> 1.0)
  - ReactiveCocoa (~> 2.4)
  - Realm

SPEC CHECKSUMS:
  BlocksKit: 7f422b971407001178d181a43b99014ea2591fe6
  Color-Picker-for-iOS: 4980589b3e3cfe7198f227dd50be9adb02d8bc0b
  FLAnimatedImage: f9422f796135aff80d8c00b2afc48015bb746e24
  KLCPopup: 76c5a19227977f1e53d85236f9ef42257c168d98
  ReactiveCocoa: e2db045570aa97c695e7aa97c2bcab222ae51f4a
  Realm: 2fdd0ae74f730e190384e0338d8a0d3654df8220

COCOAPODS: 0.37.2
