// !$*UTF8*$!
{
	archiveVersion = 1;
	classes = {
	};
	objectVersion = 46;
	objects = {

/* Begin PBXBuildFile section */
		14A28F902523ABDF7257EFE6 /* libPods.a in Frameworks */ = {isa = PBXBuildFile; fileRef = 7B0355D560EDE95CEAB1CA87 /* libPods.a */; };
		3836A11C1A4D0B06009E24B5 /* exploding_bomb.gif in Resources */ = {isa = PBXBuildFile; fileRef = 3836A11B1A4D0B06009E24B5 /* exploding_bomb.gif */; };
		3836A11E1A4D14EF009E24B5 /* skull.png in Resources */ = {isa = PBXBuildFile; fileRef = 3836A11D1A4D14EF009E24B5 /* skull.png */; };
		388C744A1A4E6C620094BC96 /* JKTimerProviderUtility.m in Sources */ = {isa = PBXBuildFile; fileRef = 388C74491A4E6C620094BC96 /* JKTimerProviderUtility.m */; };
		388C744C1A4E7BEC0094BC96 /* afraid.wav in Resources */ = {isa = PBXBuildFile; fileRef = 388C744B1A4E7BEC0094BC96 /* afraid.wav */; };
		389ACD921A4DDC0600637375 /* Score.m in Sources */ = {isa = PBXBuildFile; fileRef = 389ACD911A4DDC0600637375 /* Score.m */; };
		389ACD941A4DDE0A00637375 /* setting.png in Resources */ = {isa = PBXBuildFile; fileRef = 389ACD931A4DDE0A00637375 /* setting.png */; };
		389ACD991A4DDEDD00637375 /* JKMinesweeperScoresViewController.m in Sources */ = {isa = PBXBuildFile; fileRef = 389ACD971A4DDEDD00637375 /* JKMinesweeperScoresViewController.m */; };
		389ACD9E1A4DDEFA00637375 /* JKMinesweeperSettingsViewController.m in Sources */ = {isa = PBXBuildFile; fileRef = 389ACD9C1A4DDEFA00637375 /* JKMinesweeperSettingsViewController.m */; };
		389ACDA61A4DE0FB00637375 /* MJPopupBackgroundView.m in Sources */ = {isa = PBXBuildFile; fileRef = 389ACDA31A4DE0FB00637375 /* MJPopupBackgroundView.m */; };
		389ACDA71A4DE0FB00637375 /* UIViewController+MJPopupViewController.m in Sources */ = {isa = PBXBuildFile; fileRef = 389ACDA51A4DE0FB00637375 /* UIViewController+MJPopupViewController.m */; };
		389ACDA91A4DE17100637375 /* JKMinesweeperScoresViewController.xib in Resources */ = {isa = PBXBuildFile; fileRef = 389ACDA81A4DE17100637375 /* JKMinesweeperScoresViewController.xib */; };
		389ACDAB1A4DE17B00637375 /* JKMinesweeperSettingsViewController.xib in Resources */ = {isa = PBXBuildFile; fileRef = 389ACDAA1A4DE17B00637375 /* JKMinesweeperSettingsViewController.xib */; };
		389ACDAF1A4DE7E800637375 /* ScoreSaver.m in Sources */ = {isa = PBXBuildFile; fileRef = 389ACDAE1A4DE7E800637375 /* ScoreSaver.m */; };
		389ACDB41A4DEC1600637375 /* JKScoresCustomTableViewCell.m in Sources */ = {isa = PBXBuildFile; fileRef = 389ACDB21A4DEC1600637375 /* JKScoresCustomTableViewCell.m */; };
		389ACDB51A4DEC1600637375 /* JKScoresCustomTableViewCell.xib in Resources */ = {isa = PBXBuildFile; fileRef = 389ACDB31A4DEC1600637375 /* JKScoresCustomTableViewCell.xib */; };
		389ACDB81A4DEF7100637375 /* JKMinesweeperAppearance.m in Sources */ = {isa = PBXBuildFile; fileRef = 389ACDB71A4DEF7100637375 /* JKMinesweeperAppearance.m */; };
		389ACDBA1A4DF09C00637375 /* clearAll.png in Resources */ = {isa = PBXBuildFile; fileRef = 389ACDB91A4DF09C00637375 /* clearAll.png */; };
		389ACDBD1A4DF19500637375 /* UIView+Utility.m in Sources */ = {isa = PBXBuildFile; fileRef = 389ACDBC1A4DF19500637375 /* UIView+Utility.m */; };
		389ACDBF1A4E274D00637375 /* backButtonSmall.png in Resources */ = {isa = PBXBuildFile; fileRef = 389ACDBE1A4E274D00637375 /* backButtonSmall.png */; };
		38A787411A4CEDDF0004B2B4 /* UIButton+Utility.m in Sources */ = {isa = PBXBuildFile; fileRef = 38A787401A4CEDDF0004B2B4 /* UIButton+Utility.m */; };
		38A787451A4CF07A0004B2B4 /* mine.png in Resources */ = {isa = PBXBuildFile; fileRef = 38A787421A4CF07A0004B2B4 /* mine.png */; };
		38A787461A4CF07A0004B2B4 /* normal.png in Resources */ = {isa = PBXBuildFile; fileRef = 38A787431A4CF07A0004B2B4 /* normal.png */; };
		38A787471A4CF07A0004B2B4 /* smiley.gif in Resources */ = {isa = PBXBuildFile; fileRef = 38A787441A4CF07A0004B2B4 /* smiley.gif */; };
		38E778BD1A4CF4BB009E127A /* changeColor.png in Resources */ = {isa = PBXBuildFile; fileRef = 38E778BC1A4CF4BB009E127A /* changeColor.png */; };
		91078BD719D8D63500F9B438 /* JKMineSweeperConstants.m in Sources */ = {isa = PBXBuildFile; fileRef = 91078BD619D8D63500F9B438 /* JKMineSweeperConstants.m */; };
		911DB8E919DBA10E00D16B6F /* JKNeighbouringTilesProvider.m in Sources */ = {isa = PBXBuildFile; fileRef = 911DB8E819DBA10E00D16B6F /* JKNeighbouringTilesProvider.m */; };
		91AA40FE19D8C956009CB397 /* main.m in Sources */ = {isa = PBXBuildFile; fileRef = 91AA40FD19D8C956009CB397 /* main.m */; };
		91AA410119D8C956009CB397 /* AppDelegate.m in Sources */ = {isa = PBXBuildFile; fileRef = 91AA410019D8C956009CB397 /* AppDelegate.m */; };
		91AA410919D8C956009CB397 /* Images.xcassets in Resources */ = {isa = PBXBuildFile; fileRef = 91AA410819D8C956009CB397 /* Images.xcassets */; };
		91AA410C19D8C956009CB397 /* LaunchScreen.xib in Resources */ = {isa = PBXBuildFile; fileRef = 91AA410A19D8C956009CB397 /* LaunchScreen.xib */; };
		91AA411819D8C956009CB397 /* JKMinesweeperTests.m in Sources */ = {isa = PBXBuildFile; fileRef = 91AA411719D8C956009CB397 /* JKMinesweeperTests.m */; };
		91AA412419D8CA77009CB397 /* JKMinesweeperHomeViewController.m in Sources */ = {isa = PBXBuildFile; fileRef = 91AA412319D8CA77009CB397 /* JKMinesweeperHomeViewController.m */; };
		91AA412719D8CAD8009CB397 /* Main.storyboard in Resources */ = {isa = PBXBuildFile; fileRef = 91AA412619D8CAD8009CB397 /* Main.storyboard */; };
		91AA412C19D8CC80009CB397 /* JKButtonStateModel.m in Sources */ = {isa = PBXBuildFile; fileRef = 91AA412B19D8CC80009CB397 /* JKButtonStateModel.m */; };
		91AA412F19D8CC94009CB397 /* JKCustomButton.m in Sources */ = {isa = PBXBuildFile; fileRef = 91AA412E19D8CC94009CB397 /* JKCustomButton.m */; };
/* End PBXBuildFile section */

/* Begin PBXContainerItemProxy section */
		91AA411219D8C956009CB397 /* PBXContainerItemProxy */ = {
			isa = PBXContainerItemProxy;
			containerPortal = 91AA40F019D8C956009CB397 /* Project object */;
			proxyType = 1;
			remoteGlobalIDString = 91AA40F719D8C956009CB397;
			remoteInfo = JKMinesweeper;
		};
/* End PBXContainerItemProxy section */

/* Begin PBXFileReference section */
		3836A11B1A4D0B06009E24B5 /* exploding_bomb.gif */ = {isa = PBXFileReference; lastKnownFileType = image.gif; path = exploding_bomb.gif; sourceTree = "<group>"; };
		3836A11D1A4D14EF009E24B5 /* skull.png */ = {isa = PBXFileReference; lastKnownFileType = image.png; path = skull.png; sourceTree = "<group>"; };
		388C74481A4E6C620094BC96 /* JKTimerProviderUtility.h */ = {isa = PBXFileReference; fileEncoding = 4; lastKnownFileType = sourcecode.c.h; path = JKTimerProviderUtility.h; sourceTree = "<group>"; };
		388C74491A4E6C620094BC96 /* JKTimerProviderUtility.m */ = {isa = PBXFileReference; fileEncoding = 4; lastKnownFileType = sourcecode.c.objc; path = JKTimerProviderUtility.m; sourceTree = "<group>"; };
		388C744B1A4E7BEC0094BC96 /* afraid.wav */ = {isa = PBXFileReference; lastKnownFileType = audio.wav; path = afraid.wav; sourceTree = "<group>"; };
		388C744D1A4F13EC0094BC96 /* JKMinesweeper-PrefixHeader.pch */ = {isa = PBXFileReference; fileEncoding = 4; lastKnownFileType = sourcecode.c.h; path = "JKMinesweeper-PrefixHeader.pch"; sourceTree = "<group>"; };
		389ACD901A4DDC0600637375 /* Score.h */ = {isa = PBXFileReference; fileEncoding = 4; lastKnownFileType = sourcecode.c.h; path = Score.h; sourceTree = "<group>"; };
		389ACD911A4DDC0600637375 /* Score.m */ = {isa = PBXFileReference; fileEncoding = 4; lastKnownFileType = sourcecode.c.objc; path = Score.m; sourceTree = "<group>"; };
		389ACD931A4DDE0A00637375 /* setting.png */ = {isa = PBXFileReference; lastKnownFileType = image.png; path = setting.png; sourceTree = "<group>"; };
		389ACD961A4DDEDD00637375 /* JKMinesweeperScoresViewController.h */ = {isa = PBXFileReference; fileEncoding = 4; lastKnownFileType = sourcecode.c.h; path = JKMinesweeperScoresViewController.h; sourceTree = "<group>"; };
		389ACD971A4DDEDD00637375 /* JKMinesweeperScoresViewController.m */ = {isa = PBXFileReference; fileEncoding = 4; lastKnownFileType = sourcecode.c.objc; path = JKMinesweeperScoresViewController.m; sourceTree = "<group>"; };
		389ACD9B1A4DDEFA00637375 /* JKMinesweeperSettingsViewController.h */ = {isa = PBXFileReference; fileEncoding = 4; lastKnownFileType = sourcecode.c.h; path = JKMinesweeperSettingsViewController.h; sourceTree = "<group>"; };
		389ACD9C1A4DDEFA00637375 /* JKMinesweeperSettingsViewController.m */ = {isa = PBXFileReference; fileEncoding = 4; lastKnownFileType = sourcecode.c.objc; path = JKMinesweeperSettingsViewController.m; sourceTree = "<group>"; };
		389ACDA21A4DE0FB00637375 /* MJPopupBackgroundView.h */ = {isa = PBXFileReference; fileEncoding = 4; lastKnownFileType = sourcecode.c.h; path = MJPopupBackgroundView.h; sourceTree = "<group>"; };
		389ACDA31A4DE0FB00637375 /* MJPopupBackgroundView.m */ = {isa = PBXFileReference; fileEncoding = 4; lastKnownFileType = sourcecode.c.objc; path = MJPopupBackgroundView.m; sourceTree = "<group>"; };
		389ACDA41A4DE0FB00637375 /* UIViewController+MJPopupViewController.h */ = {isa = PBXFileReference; fileEncoding = 4; lastKnownFileType = sourcecode.c.h; path = "UIViewController+MJPopupViewController.h"; sourceTree = "<group>"; };
		389ACDA51A4DE0FB00637375 /* UIViewController+MJPopupViewController.m */ = {isa = PBXFileReference; fileEncoding = 4; lastKnownFileType = sourcecode.c.objc; path = "UIViewController+MJPopupViewController.m"; sourceTree = "<group>"; };
		389ACDA81A4DE17100637375 /* JKMinesweeperScoresViewController.xib */ = {isa = PBXFileReference; fileEncoding = 4; lastKnownFileType = file.xib; path = JKMinesweeperScoresViewController.xib; sourceTree = "<group>"; };
		389ACDAA1A4DE17B00637375 /* JKMinesweeperSettingsViewController.xib */ = {isa = PBXFileReference; fileEncoding = 4; lastKnownFileType = file.xib; path = JKMinesweeperSettingsViewController.xib; sourceTree = "<group>"; };
		389ACDAD1A4DE7E800637375 /* ScoreSaver.h */ = {isa = PBXFileReference; fileEncoding = 4; lastKnownFileType = sourcecode.c.h; path = ScoreSaver.h; sourceTree = "<group>"; };
		389ACDAE1A4DE7E800637375 /* ScoreSaver.m */ = {isa = PBXFileReference; fileEncoding = 4; lastKnownFileType = sourcecode.c.objc; path = ScoreSaver.m; sourceTree = "<group>"; };
		389ACDB11A4DEC1600637375 /* JKScoresCustomTableViewCell.h */ = {isa = PBXFileReference; fileEncoding = 4; lastKnownFileType = sourcecode.c.h; path = JKScoresCustomTableViewCell.h; sourceTree = "<group>"; };
		389ACDB21A4DEC1600637375 /* JKScoresCustomTableViewCell.m */ = {isa = PBXFileReference; fileEncoding = 4; lastKnownFileType = sourcecode.c.objc; path = JKScoresCustomTableViewCell.m; sourceTree = "<group>"; };
		389ACDB31A4DEC1600637375 /* JKScoresCustomTableViewCell.xib */ = {isa = PBXFileReference; fileEncoding = 4; lastKnownFileType = file.xib; path = JKScoresCustomTableViewCell.xib; sourceTree = "<group>"; };
		389ACDB61A4DEF7100637375 /* JKMinesweeperAppearance.h */ = {isa = PBXFileReference; fileEncoding = 4; lastKnownFileType = sourcecode.c.h; path = JKMinesweeperAppearance.h; sourceTree = "<group>"; };
		389ACDB71A4DEF7100637375 /* JKMinesweeperAppearance.m */ = {isa = PBXFileReference; fileEncoding = 4; lastKnownFileType = sourcecode.c.objc; path = JKMinesweeperAppearance.m; sourceTree = "<group>"; };
		389ACDB91A4DF09C00637375 /* clearAll.png */ = {isa = PBXFileReference; lastKnownFileType = image.png; path = clearAll.png; sourceTree = "<group>"; };
		389ACDBB1A4DF19500637375 /* UIView+Utility.h */ = {isa = PBXFileReference; fileEncoding = 4; lastKnownFileType = sourcecode.c.h; path = "UIView+Utility.h"; sourceTree = "<group>"; };
		389ACDBC1A4DF19500637375 /* UIView+Utility.m */ = {isa = PBXFileReference; fileEncoding = 4; lastKnownFileType = sourcecode.c.objc; path = "UIView+Utility.m"; sourceTree = "<group>"; };
		389ACDBE1A4E274D00637375 /* backButtonSmall.png */ = {isa = PBXFileReference; lastKnownFileType = image.png; path = backButtonSmall.png; sourceTree = "<group>"; };
		38A7873F1A4CEDDF0004B2B4 /* UIButton+Utility.h */ = {isa = PBXFileReference; fileEncoding = 4; lastKnownFileType = sourcecode.c.h; path = "UIButton+Utility.h"; sourceTree = "<group>"; };
		38A787401A4CEDDF0004B2B4 /* UIButton+Utility.m */ = {isa = PBXFileReference; fileEncoding = 4; lastKnownFileType = sourcecode.c.objc; path = "UIButton+Utility.m"; sourceTree = "<group>"; };
		38A787421A4CF07A0004B2B4 /* mine.png */ = {isa = PBXFileReference; lastKnownFileType = image.png; path = mine.png; sourceTree = "<group>"; };
		38A787431A4CF07A0004B2B4 /* normal.png */ = {isa = PBXFileReference; lastKnownFileType = image.png; path = normal.png; sourceTree = "<group>"; };
		38A787441A4CF07A0004B2B4 /* smiley.gif */ = {isa = PBXFileReference; lastKnownFileType = image.gif; path = smiley.gif; sourceTree = "<group>"; };
		38E778BC1A4CF4BB009E127A /* changeColor.png */ = {isa = PBXFileReference; lastKnownFileType = image.png; path = changeColor.png; sourceTree = "<group>"; };
		530AE55A35649DF415A25DF6 /* Pods.debug.xcconfig */ = {isa = PBXFileReference; includeInIndex = 1; lastKnownFileType = text.xcconfig; name = Pods.debug.xcconfig; path = "Pods/Target Support Files/Pods/Pods.debug.xcconfig"; sourceTree = "<group>"; };
		7B0355D560EDE95CEAB1CA87 /* libPods.a */ = {isa = PBXFileReference; explicitFileType = archive.ar; includeInIndex = 0; path = libPods.a; sourceTree = BUILT_PRODUCTS_DIR; };
		91078BD519D8D63500F9B438 /* JKMineSweeperConstants.h */ = {isa = PBXFileReference; fileEncoding = 4; lastKnownFileType = sourcecode.c.h; path = JKMineSweeperConstants.h; sourceTree = "<group>"; };
		91078BD619D8D63500F9B438 /* JKMineSweeperConstants.m */ = {isa = PBXFileReference; fileEncoding = 4; lastKnownFileType = sourcecode.c.objc; path = JKMineSweeperConstants.m; sourceTree = "<group>"; };
		911DB8E719DBA10E00D16B6F /* JKNeighbouringTilesProvider.h */ = {isa = PBXFileReference; fileEncoding = 4; lastKnownFileType = sourcecode.c.h; path = JKNeighbouringTilesProvider.h; sourceTree = "<group>"; };
		911DB8E819DBA10E00D16B6F /* JKNeighbouringTilesProvider.m */ = {isa = PBXFileReference; fileEncoding = 4; lastKnownFileType = sourcecode.c.objc; path = JKNeighbouringTilesProvider.m; sourceTree = "<group>"; };
		91AA40F819D8C956009CB397 /* JKMinesweeper.app */ = {isa = PBXFileReference; explicitFileType = wrapper.application; includeInIndex = 0; path = JKMinesweeper.app; sourceTree = BUILT_PRODUCTS_DIR; };
		91AA40FC19D8C956009CB397 /* Info.plist */ = {isa = PBXFileReference; lastKnownFileType = text.plist.xml; path = Info.plist; sourceTree = "<group>"; };
		91AA40FD19D8C956009CB397 /* main.m */ = {isa = PBXFileReference; lastKnownFileType = sourcecode.c.objc; path = main.m; sourceTree = "<group>"; };
		91AA40FF19D8C956009CB397 /* AppDelegate.h */ = {isa = PBXFileReference; lastKnownFileType = sourcecode.c.h; path = AppDelegate.h; sourceTree = "<group>"; };
		91AA410019D8C956009CB397 /* AppDelegate.m */ = {isa = PBXFileReference; lastKnownFileType = sourcecode.c.objc; path = AppDelegate.m; sourceTree = "<group>"; };
		91AA410819D8C956009CB397 /* Images.xcassets */ = {isa = PBXFileReference; lastKnownFileType = folder.assetcatalog; path = Images.xcassets; sourceTree = "<group>"; };
		91AA410B19D8C956009CB397 /* Base */ = {isa = PBXFileReference; lastKnownFileType = file.xib; name = Base; path = Base.lproj/LaunchScreen.xib; sourceTree = "<group>"; };
		91AA411119D8C956009CB397 /* JKMinesweeperTests.xctest */ = {isa = PBXFileReference; explicitFileType = wrapper.cfbundle; includeInIndex = 0; path = JKMinesweeperTests.xctest; sourceTree = BUILT_PRODUCTS_DIR; };
		91AA411619D8C956009CB397 /* Info.plist */ = {isa = PBXFileReference; lastKnownFileType = text.plist.xml; path = Info.plist; sourceTree = "<group>"; };
		91AA411719D8C956009CB397 /* JKMinesweeperTests.m */ = {isa = PBXFileReference; lastKnownFileType = sourcecode.c.objc; path = JKMinesweeperTests.m; sourceTree = "<group>"; };
		91AA412219D8CA77009CB397 /* JKMinesweeperHomeViewController.h */ = {isa = PBXFileReference; fileEncoding = 4; lastKnownFileType = sourcecode.c.h; path = JKMinesweeperHomeViewController.h; sourceTree = "<group>"; };
		91AA412319D8CA77009CB397 /* JKMinesweeperHomeViewController.m */ = {isa = PBXFileReference; fileEncoding = 4; lastKnownFileType = sourcecode.c.objc; path = JKMinesweeperHomeViewController.m; sourceTree = "<group>"; };
		91AA412619D8CAD8009CB397 /* Main.storyboard */ = {isa = PBXFileReference; fileEncoding = 4; lastKnownFileType = file.storyboard; path = Main.storyboard; sourceTree = "<group>"; };
		91AA412A19D8CC80009CB397 /* JKButtonStateModel.h */ = {isa = PBXFileReference; fileEncoding = 4; lastKnownFileType = sourcecode.c.h; path = JKButtonStateModel.h; sourceTree = "<group>"; };
		91AA412B19D8CC80009CB397 /* JKButtonStateModel.m */ = {isa = PBXFileReference; fileEncoding = 4; lastKnownFileType = sourcecode.c.objc; path = JKButtonStateModel.m; sourceTree = "<group>"; };
		91AA412D19D8CC94009CB397 /* JKCustomButton.h */ = {isa = PBXFileReference; fileEncoding = 4; lastKnownFileType = sourcecode.c.h; path = JKCustomButton.h; sourceTree = "<group>"; };
		91AA412E19D8CC94009CB397 /* JKCustomButton.m */ = {isa = PBXFileReference; fileEncoding = 4; lastKnownFileType = sourcecode.c.objc; path = JKCustomButton.m; sourceTree = "<group>"; };
		E4DD45CB6933177D60E7EFF8 /* Pods.release.xcconfig */ = {isa = PBXFileReference; includeInIndex = 1; lastKnownFileType = text.xcconfig; name = Pods.release.xcconfig; path = "Pods/Target Support Files/Pods/Pods.release.xcconfig"; sourceTree = "<group>"; };
/* End PBXFileReference section */

/* Begin PBXFrameworksBuildPhase section */
		91AA40F519D8C956009CB397 /* Frameworks */ = {
			isa = PBXFrameworksBuildPhase;
			buildActionMask = 2147483647;
			files = (
				14A28F902523ABDF7257EFE6 /* libPods.a in Frameworks */,
			);
			runOnlyForDeploymentPostprocessing = 0;
		};
		91AA410E19D8C956009CB397 /* Frameworks */ = {
			isa = PBXFrameworksBuildPhase;
			buildActionMask = 2147483647;
			files = (
			);
			runOnlyForDeploymentPostprocessing = 0;
		};
/* End PBXFrameworksBuildPhase section */

/* Begin PBXGroup section */
		388C74471A4E65D00094BC96 /* Audio Files */ = {
			isa = PBXGroup;
			children = (
			);
			name = "Audio Files";
			sourceTree = "<group>";
		};
		389ACD951A4DDEA800637375 /* Popovers */ = {
			isa = PBXGroup;
			children = (
				389ACD961A4DDEDD00637375 /* JKMinesweeperScoresViewController.h */,
				389ACD971A4DDEDD00637375 /* JKMinesweeperScoresViewController.m */,
				389ACDA81A4DE17100637375 /* JKMinesweeperScoresViewController.xib */,
				389ACD9B1A4DDEFA00637375 /* JKMinesweeperSettingsViewController.h */,
				389ACD9C1A4DDEFA00637375 /* JKMinesweeperSettingsViewController.m */,
				389ACDAA1A4DE17B00637375 /* JKMinesweeperSettingsViewController.xib */,
			);
			name = Popovers;
			sourceTree = "<group>";
		};
		389ACDA11A4DE0F500637375 /* Custom Popup Library */ = {
			isa = PBXGroup;
			children = (
				389ACDA21A4DE0FB00637375 /* MJPopupBackgroundView.h */,
				389ACDA31A4DE0FB00637375 /* MJPopupBackgroundView.m */,
				389ACDA41A4DE0FB00637375 /* UIViewController+MJPopupViewController.h */,
				389ACDA51A4DE0FB00637375 /* UIViewController+MJPopupViewController.m */,
			);
			name = "Custom Popup Library";
			sourceTree = "<group>";
		};
		389ACDAC1A4DE7D100637375 /* Model Operations */ = {
			isa = PBXGroup;
			children = (
				389ACDAD1A4DE7E800637375 /* ScoreSaver.h */,
				389ACDAE1A4DE7E800637375 /* ScoreSaver.m */,
			);
			name = "Model Operations";
			sourceTree = "<group>";
		};
		389ACDB01A4DEA3500637375 /* Custom Cells */ = {
			isa = PBXGroup;
			children = (
				389ACDB11A4DEC1600637375 /* JKScoresCustomTableViewCell.h */,
				389ACDB21A4DEC1600637375 /* JKScoresCustomTableViewCell.m */,
				389ACDB31A4DEC1600637375 /* JKScoresCustomTableViewCell.xib */,
			);
			name = "Custom Cells";
			sourceTree = "<group>";
		};
		38A7873D1A4CED560004B2B4 /* Images */ = {
			isa = PBXGroup;
			children = (
				38A787421A4CF07A0004B2B4 /* mine.png */,
				38A787431A4CF07A0004B2B4 /* normal.png */,
				389ACDBE1A4E274D00637375 /* backButtonSmall.png */,
				389ACDB91A4DF09C00637375 /* clearAll.png */,
				389ACD931A4DDE0A00637375 /* setting.png */,
				3836A11D1A4D14EF009E24B5 /* skull.png */,
				3836A11B1A4D0B06009E24B5 /* exploding_bomb.gif */,
				38A787441A4CF07A0004B2B4 /* smiley.gif */,
				38E778BC1A4CF4BB009E127A /* changeColor.png */,
			);
			name = Images;
			sourceTree = "<group>";
		};
		38A7873E1A4CEDCA0004B2B4 /* Categories */ = {
			isa = PBXGroup;
			children = (
				38A7873F1A4CEDDF0004B2B4 /* UIButton+Utility.h */,
				38A787401A4CEDDF0004B2B4 /* UIButton+Utility.m */,
				389ACDBB1A4DF19500637375 /* UIView+Utility.h */,
				389ACDBC1A4DF19500637375 /* UIView+Utility.m */,
			);
			name = Categories;
			sourceTree = "<group>";
		};
		6E1D38DA68CD49B26B92EA26 /* Frameworks */ = {
			isa = PBXGroup;
			children = (
				7B0355D560EDE95CEAB1CA87 /* libPods.a */,
			);
			name = Frameworks;
			sourceTree = "<group>";
		};
		91078BD419D8D61800F9B438 /* Constants */ = {
			isa = PBXGroup;
			children = (
				91078BD519D8D63500F9B438 /* JKMineSweeperConstants.h */,
				91078BD619D8D63500F9B438 /* JKMineSweeperConstants.m */,
				389ACDB61A4DEF7100637375 /* JKMinesweeperAppearance.h */,
				389ACDB71A4DEF7100637375 /* JKMinesweeperAppearance.m */,
			);
			name = Constants;
			sourceTree = "<group>";
		};
		911DB8E619DBA0C800D16B6F /* Utility */ = {
			isa = PBXGroup;
			children = (
				911DB8E719DBA10E00D16B6F /* JKNeighbouringTilesProvider.h */,
				911DB8E819DBA10E00D16B6F /* JKNeighbouringTilesProvider.m */,
				388C74481A4E6C620094BC96 /* JKTimerProviderUtility.h */,
				388C74491A4E6C620094BC96 /* JKTimerProviderUtility.m */,
			);
			name = Utility;
			sourceTree = "<group>";
		};
		91AA40EF19D8C956009CB397 = {
			isa = PBXGroup;
			children = (
				388C744D1A4F13EC0094BC96 /* JKMinesweeper-PrefixHeader.pch */,
				91AA40FA19D8C956009CB397 /* JKMinesweeper */,
				91AA411419D8C956009CB397 /* JKMinesweeperTests */,
				91AA40F919D8C956009CB397 /* Products */,
				94583C45D6986C588BC850B5 /* Pods */,
				6E1D38DA68CD49B26B92EA26 /* Frameworks */,
			);
			sourceTree = "<group>";
		};
		91AA40F919D8C956009CB397 /* Products */ = {
			isa = PBXGroup;
			children = (
				91AA40F819D8C956009CB397 /* JKMinesweeper.app */,
				91AA411119D8C956009CB397 /* JKMinesweeperTests.xctest */,
			);
			name = Products;
			sourceTree = "<group>";
		};
		91AA40FA19D8C956009CB397 /* JKMinesweeper */ = {
			isa = PBXGroup;
			children = (
				388C744B1A4E7BEC0094BC96 /* afraid.wav */,
				388C74471A4E65D00094BC96 /* Audio Files */,
				389ACDB01A4DEA3500637375 /* Custom Cells */,
				389ACDAC1A4DE7D100637375 /* Model Operations */,
				389ACDA11A4DE0F500637375 /* Custom Popup Library */,
				389ACD951A4DDEA800637375 /* Popovers */,
				38A7873E1A4CEDCA0004B2B4 /* Categories */,
				38A7873D1A4CED560004B2B4 /* Images */,
				911DB8E619DBA0C800D16B6F /* Utility */,
				91078BD419D8D61800F9B438 /* Constants */,
				91AA412919D8CC67009CB397 /* Models */,
				91AA412819D8CC57009CB397 /* Custom UIButton */,
				91AA412519D8CAC8009CB397 /* Storyboard */,
				91AA412119D8CA61009CB397 /* Controllers */,
				91AA40FF19D8C956009CB397 /* AppDelegate.h */,
				91AA410019D8C956009CB397 /* AppDelegate.m */,
				91AA410819D8C956009CB397 /* Images.xcassets */,
				91AA410A19D8C956009CB397 /* LaunchScreen.xib */,
				91AA40FB19D8C956009CB397 /* Supporting Files */,
			);
			path = JKMinesweeper;
			sourceTree = "<group>";
		};
		91AA40FB19D8C956009CB397 /* Supporting Files */ = {
			isa = PBXGroup;
			children = (
				91AA40FC19D8C956009CB397 /* Info.plist */,
				91AA40FD19D8C956009CB397 /* main.m */,
			);
			name = "Supporting Files";
			sourceTree = "<group>";
		};
		91AA411419D8C956009CB397 /* JKMinesweeperTests */ = {
			isa = PBXGroup;
			children = (
				91AA411719D8C956009CB397 /* JKMinesweeperTests.m */,
				91AA411519D8C956009CB397 /* Supporting Files */,
			);
			path = JKMinesweeperTests;
			sourceTree = "<group>";
		};
		91AA411519D8C956009CB397 /* Supporting Files */ = {
			isa = PBXGroup;
			children = (
				91AA411619D8C956009CB397 /* Info.plist */,
			);
			name = "Supporting Files";
			sourceTree = "<group>";
		};
		91AA412119D8CA61009CB397 /* Controllers */ = {
			isa = PBXGroup;
			children = (
				91AA412219D8CA77009CB397 /* JKMinesweeperHomeViewController.h */,
				91AA412319D8CA77009CB397 /* JKMinesweeperHomeViewController.m */,
			);
			name = Controllers;
			sourceTree = "<group>";
		};
		91AA412519D8CAC8009CB397 /* Storyboard */ = {
			isa = PBXGroup;
			children = (
				91AA412619D8CAD8009CB397 /* Main.storyboard */,
			);
			name = Storyboard;
			sourceTree = "<group>";
		};
		91AA412819D8CC57009CB397 /* Custom UIButton */ = {
			isa = PBXGroup;
			children = (
				91AA412D19D8CC94009CB397 /* JKCustomButton.h */,
				91AA412E19D8CC94009CB397 /* JKCustomButton.m */,
			);
			name = "Custom UIButton";
			sourceTree = "<group>";
		};
		91AA412919D8CC67009CB397 /* Models */ = {
			isa = PBXGroup;
			children = (
				91AA412A19D8CC80009CB397 /* JKButtonStateModel.h */,
				91AA412B19D8CC80009CB397 /* JKButtonStateModel.m */,
				389ACD901A4DDC0600637375 /* Score.h */,
				389ACD911A4DDC0600637375 /* Score.m */,
			);
			name = Models;
			sourceTree = "<group>";
		};
		94583C45D6986C588BC850B5 /* Pods */ = {
			isa = PBXGroup;
			children = (
				530AE55A35649DF415A25DF6 /* Pods.debug.xcconfig */,
				E4DD45CB6933177D60E7EFF8 /* Pods.release.xcconfig */,
			);
			name = Pods;
			sourceTree = "<group>";
		};
/* End PBXGroup section */

/* Begin PBXNativeTarget section */
		91AA40F719D8C956009CB397 /* JKMinesweeper */ = {
			isa = PBXNativeTarget;
			buildConfigurationList = 91AA411B19D8C956009CB397 /* Build configuration list for PBXNativeTarget "JKMinesweeper" */;
			buildPhases = (
				3236076B45A37C367C0C8013 /* Check Pods Manifest.lock */,
				91AA40F419D8C956009CB397 /* Sources */,
				91AA40F519D8C956009CB397 /* Frameworks */,
				91AA40F619D8C956009CB397 /* Resources */,
				124E5D57282A3723CE960A1E /* Copy Pods Resources */,
			);
			buildRules = (
			);
			dependencies = (
			);
			name = JKMinesweeper;
			productName = JKMinesweeper;
			productReference = 91AA40F819D8C956009CB397 /* JKMinesweeper.app */;
			productType = "com.apple.product-type.application";
		};
		91AA411019D8C956009CB397 /* JKMinesweeperTests */ = {
			isa = PBXNativeTarget;
			buildConfigurationList = 91AA411E19D8C956009CB397 /* Build configuration list for PBXNativeTarget "JKMinesweeperTests" */;
			buildPhases = (
				91AA410D19D8C956009CB397 /* Sources */,
				91AA410E19D8C956009CB397 /* Frameworks */,
				91AA410F19D8C956009CB397 /* Resources */,
			);
			buildRules = (
			);
			dependencies = (
				91AA411319D8C956009CB397 /* PBXTargetDependency */,
			);
			name = JKMinesweeperTests;
			productName = JKMinesweeperTests;
			productReference = 91AA411119D8C956009CB397 /* JKMinesweeperTests.xctest */;
			productType = "com.apple.product-type.bundle.unit-test";
		};
/* End PBXNativeTarget section */

/* Begin PBXProject section */
		91AA40F019D8C956009CB397 /* Project object */ = {
			isa = PBXProject;
			attributes = {
				LastUpgradeCheck = 0600;
				ORGANIZATIONNAME = "Jayesh Kawli";
				TargetAttributes = {
					91AA40F719D8C956009CB397 = {
						CreatedOnToolsVersion = 6.0.1;
						SystemCapabilities = {
							com.apple.BackgroundModes = {
								enabled = 0;
							};
						};
					};
					91AA411019D8C956009CB397 = {
						CreatedOnToolsVersion = 6.0.1;
						TestTargetID = 91AA40F719D8C956009CB397;
					};
				};
			};
			buildConfigurationList = 91AA40F319D8C956009CB397 /* Build configuration list for PBXProject "JKMinesweeper" */;
			compatibilityVersion = "Xcode 3.2";
			developmentRegion = English;
			hasScannedForEncodings = 0;
			knownRegions = (
				en,
				Base,
			);
			mainGroup = 91AA40EF19D8C956009CB397;
			productRefGroup = 91AA40F919D8C956009CB397 /* Products */;
			projectDirPath = "";
			projectRoot = "";
			targets = (
				91AA40F719D8C956009CB397 /* JKMinesweeper */,
				91AA411019D8C956009CB397 /* JKMinesweeperTests */,
			);
		};
/* End PBXProject section */

/* Begin PBXResourcesBuildPhase section */
		91AA40F619D8C956009CB397 /* Resources */ = {
			isa = PBXResourcesBuildPhase;
			buildActionMask = 2147483647;
			files = (
				38A787451A4CF07A0004B2B4 /* mine.png in Resources */,
				389ACDBA1A4DF09C00637375 /* clearAll.png in Resources */,
				3836A11E1A4D14EF009E24B5 /* skull.png in Resources */,
				38A787461A4CF07A0004B2B4 /* normal.png in Resources */,
				389ACDBF1A4E274D00637375 /* backButtonSmall.png in Resources */,
				91AA412719D8CAD8009CB397 /* Main.storyboard in Resources */,
				389ACDA91A4DE17100637375 /* JKMinesweeperScoresViewController.xib in Resources */,
				389ACDAB1A4DE17B00637375 /* JKMinesweeperSettingsViewController.xib in Resources */,
				38A787471A4CF07A0004B2B4 /* smiley.gif in Resources */,
				38E778BD1A4CF4BB009E127A /* changeColor.png in Resources */,
				389ACDB51A4DEC1600637375 /* JKScoresCustomTableViewCell.xib in Resources */,
				91AA410C19D8C956009CB397 /* LaunchScreen.xib in Resources */,
				91AA410919D8C956009CB397 /* Images.xcassets in Resources */,
				388C744C1A4E7BEC0094BC96 /* afraid.wav in Resources */,
				389ACD941A4DDE0A00637375 /* setting.png in Resources */,
				3836A11C1A4D0B06009E24B5 /* exploding_bomb.gif in Resources */,
			);
			runOnlyForDeploymentPostprocessing = 0;
		};
		91AA410F19D8C956009CB397 /* Resources */ = {
			isa = PBXResourcesBuildPhase;
			buildActionMask = 2147483647;
			files = (
			);
			runOnlyForDeploymentPostprocessing = 0;
		};
/* End PBXResourcesBuildPhase section */

/* Begin PBXShellScriptBuildPhase section */
		124E5D57282A3723CE960A1E /* Copy Pods Resources */ = {
			isa = PBXShellScriptBuildPhase;
			buildActionMask = 2147483647;
			files = (
			);
			inputPaths = (
			);
			name = "Copy Pods Resources";
			outputPaths = (
			);
			runOnlyForDeploymentPostprocessing = 0;
			shellPath = /bin/sh;
			shellScript = "\"${SRCROOT}/Pods/Target Support Files/Pods/Pods-resources.sh\"\n";
			showEnvVarsInLog = 0;
		};
		3236076B45A37C367C0C8013 /* Check Pods Manifest.lock */ = {
			isa = PBXShellScriptBuildPhase;
			buildActionMask = 2147483647;
			files = (
			);
			inputPaths = (
			);
			name = "Check Pods Manifest.lock";
			outputPaths = (
			);
			runOnlyForDeploymentPostprocessing = 0;
			shellPath = /bin/sh;
			shellScript = "diff \"${PODS_ROOT}/../Podfile.lock\" \"${PODS_ROOT}/Manifest.lock\" > /dev/null\nif [[ $? != 0 ]] ; then\n    cat << EOM\nerror: The sandbox is not in sync with the Podfile.lock. Run 'pod install' or update your CocoaPods installation.\nEOM\n    exit 1\nfi\n";
			showEnvVarsInLog = 0;
		};
/* End PBXShellScriptBuildPhase section */

/* Begin PBXSourcesBuildPhase section */
		91AA40F419D8C956009CB397 /* Sources */ = {
			isa = PBXSourcesBuildPhase;
			buildActionMask = 2147483647;
			files = (
				389ACDA71A4DE0FB00637375 /* UIViewController+MJPopupViewController.m in Sources */,
				389ACDBD1A4DF19500637375 /* UIView+Utility.m in Sources */,
				91AA412F19D8CC94009CB397 /* JKCustomButton.m in Sources */,
				389ACDB41A4DEC1600637375 /* JKScoresCustomTableViewCell.m in Sources */,
				91AA412419D8CA77009CB397 /* JKMinesweeperHomeViewController.m in Sources */,
				911DB8E919DBA10E00D16B6F /* JKNeighbouringTilesProvider.m in Sources */,
				388C744A1A4E6C620094BC96 /* JKTimerProviderUtility.m in Sources */,
				389ACDAF1A4DE7E800637375 /* ScoreSaver.m in Sources */,
				389ACD991A4DDEDD00637375 /* JKMinesweeperScoresViewController.m in Sources */,
				389ACD921A4DDC0600637375 /* Score.m in Sources */,
				91AA410119D8C956009CB397 /* AppDelegate.m in Sources */,
				91078BD719D8D63500F9B438 /* JKMineSweeperConstants.m in Sources */,
				91AA412C19D8CC80009CB397 /* JKButtonStateModel.m in Sources */,
				389ACDA61A4DE0FB00637375 /* MJPopupBackgroundView.m in Sources */,
				389ACD9E1A4DDEFA00637375 /* JKMinesweeperSettingsViewController.m in Sources */,
				389ACDB81A4DEF7100637375 /* JKMinesweeperAppearance.m in Sources */,
				38A787411A4CEDDF0004B2B4 /* UIButton+Utility.m in Sources */,
				91AA40FE19D8C956009CB397 /* main.m in Sources */,
			);
			runOnlyForDeploymentPostprocessing = 0;
		};
		91AA410D19D8C956009CB397 /* Sources */ = {
			isa = PBXSourcesBuildPhase;
			buildActionMask = 2147483647;
			files = (
				91AA411819D8C956009CB397 /* JKMinesweeperTests.m in Sources */,
			);
			runOnlyForDeploymentPostprocessing = 0;
		};
/* End PBXSourcesBuildPhase section */

/* Begin PBXTargetDependency section */
		91AA411319D8C956009CB397 /* PBXTargetDependency */ = {
			isa = PBXTargetDependency;
			target = 91AA40F719D8C956009CB397 /* JKMinesweeper */;
			targetProxy = 91AA411219D8C956009CB397 /* PBXContainerItemProxy */;
		};
/* End PBXTargetDependency section */

/* Begin PBXVariantGroup section */
		91AA410A19D8C956009CB397 /* LaunchScreen.xib */ = {
			isa = PBXVariantGroup;
			children = (
				91AA410B19D8C956009CB397 /* Base */,
			);
			name = LaunchScreen.xib;
			sourceTree = "<group>";
		};
/* End PBXVariantGroup section */

/* Begin XCBuildConfiguration section */
		91AA411919D8C956009CB397 /* Debug */ = {
			isa = XCBuildConfiguration;
			buildSettings = {
				ALWAYS_SEARCH_USER_PATHS = NO;
				CLANG_CXX_LANGUAGE_STANDARD = "gnu++0x";
				CLANG_CXX_LIBRARY = "libc++";
				CLANG_ENABLE_MODULES = YES;
				CLANG_ENABLE_OBJC_ARC = YES;
				CLANG_WARN_BOOL_CONVERSION = YES;
				CLANG_WARN_CONSTANT_CONVERSION = YES;
				CLANG_WARN_DIRECT_OBJC_ISA_USAGE = YES_ERROR;
				CLANG_WARN_EMPTY_BODY = YES;
				CLANG_WARN_ENUM_CONVERSION = YES;
				CLANG_WARN_INT_CONVERSION = YES;
				CLANG_WARN_OBJC_ROOT_CLASS = YES_ERROR;
				CLANG_WARN_UNREACHABLE_CODE = YES;
				CLANG_WARN__DUPLICATE_METHOD_MATCH = YES;
				"CODE_SIGN_IDENTITY[sdk=iphoneos*]" = "iPhone Developer";
				COPY_PHASE_STRIP = NO;
				ENABLE_STRICT_OBJC_MSGSEND = YES;
				GCC_C_LANGUAGE_STANDARD = gnu99;
				GCC_DYNAMIC_NO_PIC = NO;
				GCC_OPTIMIZATION_LEVEL = 0;
				GCC_PREPROCESSOR_DEFINITIONS = (
					"DEBUG=1",
					"$(inherited)",
				);
				GCC_SYMBOLS_PRIVATE_EXTERN = NO;
				GCC_WARN_64_TO_32_BIT_CONVERSION = YES;
				GCC_WARN_ABOUT_RETURN_TYPE = YES_ERROR;
				GCC_WARN_UNDECLARED_SELECTOR = YES;
				GCC_WARN_UNINITIALIZED_AUTOS = YES_AGGRESSIVE;
				GCC_WARN_UNUSED_FUNCTION = YES;
				GCC_WARN_UNUSED_VARIABLE = YES;
				IPHONEOS_DEPLOYMENT_TARGET = 8.0;
				MTL_ENABLE_DEBUG_INFO = YES;
				ONLY_ACTIVE_ARCH = YES;
				SDKROOT = iphoneos;
				TARGETED_DEVICE_FAMILY = 2;
			};
			name = Debug;
		};
		91AA411A19D8C956009CB397 /* Release */ = {
			isa = XCBuildConfiguration;
			buildSettings = {
				ALWAYS_SEARCH_USER_PATHS = NO;
				CLANG_CXX_LANGUAGE_STANDARD = "gnu++0x";
				CLANG_CXX_LIBRARY = "libc++";
				CLANG_ENABLE_MODULES = YES;
				CLANG_ENABLE_OBJC_ARC = YES;
				CLANG_WARN_BOOL_CONVERSION = YES;
				CLANG_WARN_CONSTANT_CONVERSION = YES;
				CLANG_WARN_DIRECT_OBJC_ISA_USAGE = YES_ERROR;
				CLANG_WARN_EMPTY_BODY = YES;
				CLANG_WARN_ENUM_CONVERSION = YES;
				CLANG_WARN_INT_CONVERSION = YES;
				CLANG_WARN_OBJC_ROOT_CLASS = YES_ERROR;
				CLANG_WARN_UNREACHABLE_CODE = YES;
				CLANG_WARN__DUPLICATE_METHOD_MATCH = YES;
				"CODE_SIGN_IDENTITY[sdk=iphoneos*]" = "iPhone Developer";
				COPY_PHASE_STRIP = YES;
				ENABLE_NS_ASSERTIONS = NO;
				ENABLE_STRICT_OBJC_MSGSEND = YES;
				GCC_C_LANGUAGE_STANDARD = gnu99;
				GCC_WARN_64_TO_32_BIT_CONVERSION = YES;
				GCC_WARN_ABOUT_RETURN_TYPE = YES_ERROR;
				GCC_WARN_UNDECLARED_SELECTOR = YES;
				GCC_WARN_UNINITIALIZED_AUTOS = YES_AGGRESSIVE;
				GCC_WARN_UNUSED_FUNCTION = YES;
				GCC_WARN_UNUSED_VARIABLE = YES;
				IPHONEOS_DEPLOYMENT_TARGET = 8.0;
				MTL_ENABLE_DEBUG_INFO = NO;
				SDKROOT = iphoneos;
				TARGETED_DEVICE_FAMILY = 2;
				VALIDATE_PRODUCT = YES;
			};
			name = Release;
		};
		91AA411C19D8C956009CB397 /* Debug */ = {
			isa = XCBuildConfiguration;
			baseConfigurationReference = 530AE55A35649DF415A25DF6 /* Pods.debug.xcconfig */;
			buildSettings = {
				ASSETCATALOG_COMPILER_APPICON_NAME = AppIcon;
				GCC_PREFIX_HEADER = "JKMinesweeper-PrefixHeader.pch";
				INFOPLIST_FILE = JKMinesweeper/Info.plist;
				IPHONEOS_DEPLOYMENT_TARGET = 7.1;
				LD_RUNPATH_SEARCH_PATHS = "$(inherited) @executable_path/Frameworks";
				PRODUCT_NAME = "$(TARGET_NAME)";
				TARGETED_DEVICE_FAMILY = 2;
			};
			name = Debug;
		};
		91AA411D19D8C956009CB397 /* Release */ = {
			isa = XCBuildConfiguration;
			baseConfigurationReference = E4DD45CB6933177D60E7EFF8 /* Pods.release.xcconfig */;
			buildSettings = {
				ASSETCATALOG_COMPILER_APPICON_NAME = AppIcon;
				GCC_PREFIX_HEADER = "JKMinesweeper-PrefixHeader.pch";
				INFOPLIST_FILE = JKMinesweeper/Info.plist;
				IPHONEOS_DEPLOYMENT_TARGET = 7.1;
				LD_RUNPATH_SEARCH_PATHS = "$(inherited) @executable_path/Frameworks";
				PRODUCT_NAME = "$(TARGET_NAME)";
				TARGETED_DEVICE_FAMILY = 2;
			};
			name = Release;
		};
		91AA411F19D8C956009CB397 /* Debug */ = {
			isa = XCBuildConfiguration;
			buildSettings = {
				BUNDLE_LOADER = "$(TEST_HOST)";
				FRAMEWORK_SEARCH_PATHS = (
					"$(SDKROOT)/Developer/Library/Frameworks",
					"$(inherited)",
				);
				GCC_PREPROCESSOR_DEFINITIONS = (
					"DEBUG=1",
					"$(inherited)",
				);
				INFOPLIST_FILE = JKMinesweeperTests/Info.plist;
				LD_RUNPATH_SEARCH_PATHS = "$(inherited) @executable_path/Frameworks @loader_path/Frameworks";
				PRODUCT_NAME = "$(TARGET_NAME)";
				TEST_HOST = "$(BUILT_PRODUCTS_DIR)/JKMinesweeper.app/JKMinesweeper";
			};
			name = Debug;
		};
		91AA412019D8C956009CB397 /* Release */ = {
			isa = XCBuildConfiguration;
			buildSettings = {
				BUNDLE_LOADER = "$(TEST_HOST)";
				FRAMEWORK_SEARCH_PATHS = (
					"$(SDKROOT)/Developer/Library/Frameworks",
					"$(inherited)",
				);
				INFOPLIST_FILE = JKMinesweeperTests/Info.plist;
				LD_RUNPATH_SEARCH_PATHS = "$(inherited) @executable_path/Frameworks @loader_path/Frameworks";
				PRODUCT_NAME = "$(TARGET_NAME)";
				TEST_HOST = "$(BUILT_PRODUCTS_DIR)/JKMinesweeper.app/JKMinesweeper";
			};
			name = Release;
		};
/* End XCBuildConfiguration section */

/* Begin XCConfigurationList section */
		91AA40F319D8C956009CB397 /* Build configuration list for PBXProject "JKMinesweeper" */ = {
			isa = XCConfigurationList;
			buildConfigurations = (
				91AA411919D8C956009CB397 /* Debug */,
				91AA411A19D8C956009CB397 /* Release */,
			);
			defaultConfigurationIsVisible = 0;
			defaultConfigurationName = Release;
		};
		91AA411B19D8C956009CB397 /* Build configuration list for PBXNativeTarget "JKMinesweeper" */ = {
			isa = XCConfigurationList;
			buildConfigurations = (
				91AA411C19D8C956009CB397 /* Debug */,
				91AA411D19D8C956009CB397 /* Release */,
			);
			defaultConfigurationIsVisible = 0;
			defaultConfigurationName = Release;
		};
		91AA411E19D8C956009CB397 /* Build configuration list for PBXNativeTarget "JKMinesweeperTests" */ = {
			isa = XCConfigurationList;
			buildConfigurations = (
				91AA411F19D8C956009CB397 /* Debug */,
				91AA412019D8C956009CB397 /* Release */,
			);
			defaultConfigurationIsVisible = 0;
			defaultConfigurationName = Release;
		};
/* End XCConfigurationList section */
	};
	rootObject = 91AA40F019D8C956009CB397 /* Project object */;
}
